
Microsoft Visual Studio Solution File, Format Version 12.00
# Visual Studio Version 17
VisualStudioVersion = 17.4.33213.308
MinimumVisualStudioVersion = 10.0.40219.1
Project("{9A19103F-16F7-4668-BE54-9A1E7A4F7556}") = "CSCal2NumForms", "CSCal2NumForms\CSCal2NumForms.csproj", "{3135A554-D78B-4559-A052-B9E41E7FC37F}"
EndProject
Global
	GlobalSection(SolutionConfigurationPlatforms) = preSolution
		Debug|Any CPU = Debug|Any CPU
		Release|Any CPU = Release|Any CPU
	EndGlobalSection
	GlobalSection(ProjectConfigurationPlatforms) = postSolution
		{3135A554-D78B-4559-A052-B9E41E7FC37F}.Debug|Any CPU.ActiveCfg = Debug|Any CPU
		{3135A554-D78B-4559-A052-B9E41E7FC37F}.Debug|Any CPU.Build.0 = Debug|Any CPU
		{3135A554-D78B-4559-A052-B9E41E7FC37F}.Release|Any CPU.ActiveCfg = Release|Any CPU
		{3135A554-D78B-4559-A052-B9E41E7FC37F}.Release|Any CPU.Build.0 = Release|Any CPU
	EndGlobalSection
	GlobalSection(SolutionProperties) = preSolution
		HideSolutionNode = FALSE
	EndGlobalSection
	GlobalSection(ExtensibilityGlobals) = postSolution
		SolutionGuid = {263D8505-C3A9-4EE1-B7F0-97BF76D67480}
	EndGlobalSection
EndGlobal
